
Microsoft Visual Studio Solution File, Format Version 12.00
# Visual Studio Version 17
VisualStudioVersion = 17.3.32901.215
MinimumVisualStudioVersion = 10.0.40219.1
Project("{FAE04EC0-301F-11D3-BF4B-00C04F79EFBC}") = "SocialNetwork.API", "SocialNetwork.API\SocialNetwork.API.csproj", "{CA3F846D-7674-4E11-A0D5-939EA1C433F4}"
EndProject
Project("{FAE04EC0-301F-11D3-BF4B-00C04F79EFBC}") = "SocialNetwork.DataAccess", "SocialNetwork.DataAccess\SocialNetwork.DataAccess.csproj", "{F08E9926-E187-4121-8E9C-CB7B5A62B86F}"
EndProject
Global
	GlobalSection(SolutionConfigurationPlatforms) = preSolution
		Debug|Any CPU = Debug|Any CPU
		Release|Any CPU = Release|Any CPU
	EndGlobalSection
	GlobalSection(ProjectConfigurationPlatforms) = postSolution
		{CA3F846D-7674-4E11-A0D5-939EA1C433F4}.Debug|Any CPU.ActiveCfg = Debug|Any CPU
		{CA3F846D-7674-4E11-A0D5-939EA1C433F4}.Debug|Any CPU.Build.0 = Debug|Any CPU
		{CA3F846D-7674-4E11-A0D5-939EA1C433F4}.Release|Any CPU.ActiveCfg = Release|Any CPU
		{CA3F846D-7674-4E11-A0D5-939EA1C433F4}.Release|Any CPU.Build.0 = Release|Any CPU
		{F08E9926-E187-4121-8E9C-CB7B5A62B86F}.Debug|Any CPU.ActiveCfg = Debug|Any CPU
		{F08E9926-E187-4121-8E9C-CB7B5A62B86F}.Debug|Any CPU.Build.0 = Debug|Any CPU
		{F08E9926-E187-4121-8E9C-CB7B5A62B86F}.Release|Any CPU.ActiveCfg = Release|Any CPU
		{F08E9926-E187-4121-8E9C-CB7B5A62B86F}.Release|Any CPU.Build.0 = Release|Any CPU
	EndGlobalSection
	GlobalSection(SolutionProperties) = preSolution
		HideSolutionNode = FALSE
	EndGlobalSection
	GlobalSection(ExtensibilityGlobals) = postSolution
		SolutionGuid = {0645FF6B-2F5F-4117-A9DA-611DB4E50E11}
	EndGlobalSection
EndGlobal
